PODS:
  - RxContainer (0.5.0):
    - RxSwift (~> 3.4)
  - RxSwift (3.5.0)
  - SwiftLint (0.20.0)

DEPENDENCIES:
  - RxContainer (from `../`)
  - RxSwift (~> 3.0)
  - SwiftLint

EXTERNAL SOURCES:
  RxContainer:
    :path: ../

SPEC CHECKSUMS:
  RxContainer: dcdf55975705b8101782d2a7e15e99acf46da72e
  RxSwift: 18ee9d78b45edb3b0b7e79916b47a116e6dbc842
  SwiftLint: 3f7543509c931d1291395335f34e245d3919b7f2

PODFILE CHECKSUM: 1a5ccd7dd4a9b02ab4c45e9587953c6c92cd87c5

COCOAPODS: 1.2.1
