PODS:
  - RxCocoa (4.1.0):
    - RxSwift (~> 4.0)
  - RxSwift (4.1.0)
  - SwiftLint (0.24.1)

DEPENDENCIES:
  - RxCocoa
  - RxSwift
  - SwiftLint

SPEC CHECKSUMS:
  RxCocoa: cc1fec49cdc8fabe645964de7c51c099a36c2aa8
  RxSwift: 4219941c1244c88002901bd87a69d3aea9ae71f0
  SwiftLint: 2e4b89feed5909c42c3735bbd6745f4345c4b772

PODFILE CHECKSUM: 7cc5b8362abdc4f514a512b4df30cb9b6bc52f0f

COCOAPODS: 1.4.0.rc.1
