// !$*UTF8*$!
{
	archiveVersion = 1;
	classes = {
	};
	objectVersion = 46;
	objects = {

/* Begin PBXBuildFile section */
		C61527F61EF67DB2007A9DA0 /* RotationOperation.swift in Sources */ = {isa = PBXBuildFile; fileRef = C61527F41EF67C91007A9DA0 /* RotationOperation.swift */; };
		C63DDF0F1EFED6E8001FFC58 /* Functions.swift in Sources */ = {isa = PBXBuildFile; fileRef = C63DDF0E1EFED6E8001FFC58 /* Functions.swift */; };
		C6AAE1C51EF06B730076A934 /* TransitionOperation.swift in Sources */ = {isa = PBXBuildFile; fileRef = C6AAE1C41EF06B730076A934 /* TransitionOperation.swift */; };
		C6C392521EE44A7D008F743A /* RxContainer.h in Headers */ = {isa = PBXBuildFile; fileRef = C6C392501EE44A7D008F743A /* RxContainer.h */; settings = {ATTRIBUTES = (Public, ); }; };
		C6C392631EE4552D008F743A /* RxContainer.framework in Frameworks */ = {isa = PBXBuildFile; fileRef = C6C3924D1EE44A7D008F743A /* RxContainer.framework */; };
		C6C3926B1EE45E51008F743A /* ContainerViewController.swift in Sources */ = {isa = PBXBuildFile; fileRef = C6C3926A1EE45E51008F743A /* ContainerViewController.swift */; };
		C6C392711EE47A8C008F743A /* Animator.swift in Sources */ = {isa = PBXBuildFile; fileRef = C6C392701EE47A8C008F743A /* Animator.swift */; };
		C6C392731EE47BF8008F743A /* Operation.swift in Sources */ = {isa = PBXBuildFile; fileRef = C6C392721EE47BF8008F743A /* Operation.swift */; };
		C6C392751EE47C6A008F743A /* Event.swift in Sources */ = {isa = PBXBuildFile; fileRef = C6C392741EE47C6A008F743A /* Event.swift */; };
		C6C392771EE47C74008F743A /* Transition.swift in Sources */ = {isa = PBXBuildFile; fileRef = C6C392761EE47C74008F743A /* Transition.swift */; };
		C6C60D111EF9600900359EEB /* PanGestureRecognizer.swift in Sources */ = {isa = PBXBuildFile; fileRef = C6C60D101EF9600900359EEB /* PanGestureRecognizer.swift */; };
		C6D02B0D1EE5A3E700B0C3FD /* ContainerViewControllerTests.swift in Sources */ = {isa = PBXBuildFile; fileRef = C6D02B0C1EE5A3E700B0C3FD /* ContainerViewControllerTests.swift */; };
		C6D255281EEFDE2A00A0BECF /* Delegate.swift in Sources */ = {isa = PBXBuildFile; fileRef = C6D255271EEFDE2A00A0BECF /* Delegate.swift */; };
		C6D2552A1EEFF87900A0BECF /* TransitionContext.swift in Sources */ = {isa = PBXBuildFile; fileRef = C6D255291EEFF87900A0BECF /* TransitionContext.swift */; };
		C6ED839F1EEFFEDB009D5C6F /* DefaultAnimator.swift in Sources */ = {isa = PBXBuildFile; fileRef = C6ED839E1EEFFEDB009D5C6F /* DefaultAnimator.swift */; };
		C6ED83A11EF017B7009D5C6F /* Extensions.swift in Sources */ = {isa = PBXBuildFile; fileRef = C6ED83A01EF017B7009D5C6F /* Extensions.swift */; };
		C6F7F0E81EF85069003E8071 /* Option.swift in Sources */ = {isa = PBXBuildFile; fileRef = C6F7F0E71EF85069003E8071 /* Option.swift */; };
		CA3E005B20DAA82E004B3D0B /* RxCocoa.framework in Frameworks */ = {isa = PBXBuildFile; fileRef = CA3E005920DAA82E004B3D0B /* RxCocoa.framework */; };
		CA3E005C20DAA82E004B3D0B /* RxSwift.framework in Frameworks */ = {isa = PBXBuildFile; fileRef = CA3E005A20DAA82E004B3D0B /* RxSwift.framework */; };
		CABC74722015B52B0024F255 /* NonAnimatingAnimator.swift in Sources */ = {isa = PBXBuildFile; fileRef = CABC74712015B52B0024F255 /* NonAnimatingAnimator.swift */; };
/* End PBXBuildFile section */

/* Begin PBXContainerItemProxy section */
		C6C392641EE4552D008F743A /* PBXContainerItemProxy */ = {
			isa = PBXContainerItemProxy;
			containerPortal = C6C392441EE44A7D008F743A /* Project object */;
			proxyType = 1;
			remoteGlobalIDString = C6C3924C1EE44A7D008F743A;
			remoteInfo = RxContainer;
		};
/* End PBXContainerItemProxy section */

/* Begin PBXFileReference section */
		C61527F41EF67C91007A9DA0 /* RotationOperation.swift */ = {isa = PBXFileReference; fileEncoding = 4; lastKnownFileType = sourcecode.swift; path = RotationOperation.swift; sourceTree = "<group>"; };
		C63DDF0E1EFED6E8001FFC58 /* Functions.swift */ = {isa = PBXFileReference; fileEncoding = 4; lastKnownFileType = sourcecode.swift; path = Functions.swift; sourceTree = "<group>"; };
		C6AAE1C41EF06B730076A934 /* TransitionOperation.swift */ = {isa = PBXFileReference; fileEncoding = 4; lastKnownFileType = sourcecode.swift; path = TransitionOperation.swift; sourceTree = "<group>"; };
		C6C3924D1EE44A7D008F743A /* RxContainer.framework */ = {isa = PBXFileReference; explicitFileType = wrapper.framework; includeInIndex = 0; path = RxContainer.framework; sourceTree = BUILT_PRODUCTS_DIR; };
		C6C392501EE44A7D008F743A /* RxContainer.h */ = {isa = PBXFileReference; lastKnownFileType = sourcecode.c.h; path = RxContainer.h; sourceTree = "<group>"; };
		C6C392511EE44A7D008F743A /* Info.plist */ = {isa = PBXFileReference; lastKnownFileType = text.plist.xml; path = Info.plist; sourceTree = "<group>"; };
		C6C3925E1EE4552D008F743A /* RxContainerTests.xctest */ = {isa = PBXFileReference; explicitFileType = wrapper.cfbundle; includeInIndex = 0; path = RxContainerTests.xctest; sourceTree = BUILT_PRODUCTS_DIR; };
		C6C392621EE4552D008F743A /* Info.plist */ = {isa = PBXFileReference; lastKnownFileType = text.plist.xml; path = Info.plist; sourceTree = "<group>"; };
		C6C3926A1EE45E51008F743A /* ContainerViewController.swift */ = {isa = PBXFileReference; fileEncoding = 4; lastKnownFileType = sourcecode.swift; path = ContainerViewController.swift; sourceTree = "<group>"; };
		C6C392701EE47A8C008F743A /* Animator.swift */ = {isa = PBXFileReference; fileEncoding = 4; lastKnownFileType = sourcecode.swift; path = Animator.swift; sourceTree = "<group>"; };
		C6C392721EE47BF8008F743A /* Operation.swift */ = {isa = PBXFileReference; fileEncoding = 4; lastKnownFileType = sourcecode.swift; path = Operation.swift; sourceTree = "<group>"; };
		C6C392741EE47C6A008F743A /* Event.swift */ = {isa = PBXFileReference; fileEncoding = 4; lastKnownFileType = sourcecode.swift; path = Event.swift; sourceTree = "<group>"; };
		C6C392761EE47C74008F743A /* Transition.swift */ = {isa = PBXFileReference; fileEncoding = 4; lastKnownFileType = sourcecode.swift; path = Transition.swift; sourceTree = "<group>"; };
		C6C60D101EF9600900359EEB /* PanGestureRecognizer.swift */ = {isa = PBXFileReference; fileEncoding = 4; lastKnownFileType = sourcecode.swift; path = PanGestureRecognizer.swift; sourceTree = "<group>"; };
		C6D02B0C1EE5A3E700B0C3FD /* ContainerViewControllerTests.swift */ = {isa = PBXFileReference; fileEncoding = 4; lastKnownFileType = sourcecode.swift; path = ContainerViewControllerTests.swift; sourceTree = "<group>"; };
		C6D255271EEFDE2A00A0BECF /* Delegate.swift */ = {isa = PBXFileReference; fileEncoding = 4; lastKnownFileType = sourcecode.swift; path = Delegate.swift; sourceTree = "<group>"; };
		C6D255291EEFF87900A0BECF /* TransitionContext.swift */ = {isa = PBXFileReference; fileEncoding = 4; lastKnownFileType = sourcecode.swift; path = TransitionContext.swift; sourceTree = "<group>"; };
		C6ED839E1EEFFEDB009D5C6F /* DefaultAnimator.swift */ = {isa = PBXFileReference; fileEncoding = 4; lastKnownFileType = sourcecode.swift; path = DefaultAnimator.swift; sourceTree = "<group>"; };
		C6ED83A01EF017B7009D5C6F /* Extensions.swift */ = {isa = PBXFileReference; fileEncoding = 4; lastKnownFileType = sourcecode.swift; path = Extensions.swift; sourceTree = "<group>"; };
		C6F7F0E71EF85069003E8071 /* Option.swift */ = {isa = PBXFileReference; fileEncoding = 4; lastKnownFileType = sourcecode.swift; path = Option.swift; sourceTree = "<group>"; };
		CA3E005920DAA82E004B3D0B /* RxCocoa.framework */ = {isa = PBXFileReference; lastKnownFileType = wrapper.framework; name = RxCocoa.framework; path = Carthage/Build/iOS/RxCocoa.framework; sourceTree = "<group>"; };
		CA3E005A20DAA82E004B3D0B /* RxSwift.framework */ = {isa = PBXFileReference; lastKnownFileType = wrapper.framework; name = RxSwift.framework; path = Carthage/Build/iOS/RxSwift.framework; sourceTree = "<group>"; };
		CABC74712015B52B0024F255 /* NonAnimatingAnimator.swift */ = {isa = PBXFileReference; lastKnownFileType = sourcecode.swift; path = NonAnimatingAnimator.swift; sourceTree = "<group>"; };
/* End PBXFileReference section */

/* Begin PBXFrameworksBuildPhase section */
		C6C392491EE44A7D008F743A /* Frameworks */ = {
			isa = PBXFrameworksBuildPhase;
			buildActionMask = 2147483647;
			files = (
				CA3E005B20DAA82E004B3D0B /* RxCocoa.framework in Frameworks */,
				CA3E005C20DAA82E004B3D0B /* RxSwift.framework in Frameworks */,
			);
			runOnlyForDeploymentPostprocessing = 0;
		};
		C6C3925B1EE4552D008F743A /* Frameworks */ = {
			isa = PBXFrameworksBuildPhase;
			buildActionMask = 2147483647;
			files = (
				C6C392631EE4552D008F743A /* RxContainer.framework in Frameworks */,
			);
			runOnlyForDeploymentPostprocessing = 0;
		};
/* End PBXFrameworksBuildPhase section */

/* Begin PBXGroup section */
		5C945C431B0836943FDFBDEA /* Frameworks */ = {
			isa = PBXGroup;
			children = (
				CA3E005920DAA82E004B3D0B /* RxCocoa.framework */,
				CA3E005A20DAA82E004B3D0B /* RxSwift.framework */,
			);
			name = Frameworks;
			sourceTree = "<group>";
		};
		C6C392431EE44A7D008F743A = {
			isa = PBXGroup;
			children = (
				C6C392591EE4545E008F743A /* Sources */,
				C6C392581EE4544A008F743A /* Resources */,
				C6C3925F1EE4552D008F743A /* RxContainerTests */,
				C6C3924E1EE44A7D008F743A /* Products */,
				5C945C431B0836943FDFBDEA /* Frameworks */,
			);
			sourceTree = "<group>";
		};
		C6C3924E1EE44A7D008F743A /* Products */ = {
			isa = PBXGroup;
			children = (
				C6C3924D1EE44A7D008F743A /* RxContainer.framework */,
				C6C3925E1EE4552D008F743A /* RxContainerTests.xctest */,
			);
			name = Products;
			sourceTree = "<group>";
		};
		C6C392581EE4544A008F743A /* Resources */ = {
			isa = PBXGroup;
			children = (
				C6C392501EE44A7D008F743A /* RxContainer.h */,
				C6C392511EE44A7D008F743A /* Info.plist */,
			);
			path = Resources;
			sourceTree = "<group>";
		};
		C6C392591EE4545E008F743A /* Sources */ = {
			isa = PBXGroup;
			children = (
				C6C392701EE47A8C008F743A /* Animator.swift */,
				C6C3926A1EE45E51008F743A /* ContainerViewController.swift */,
				C6ED839E1EEFFEDB009D5C6F /* DefaultAnimator.swift */,
				C6D255271EEFDE2A00A0BECF /* Delegate.swift */,
				C6C392741EE47C6A008F743A /* Event.swift */,
				C6ED83A01EF017B7009D5C6F /* Extensions.swift */,
				C63DDF0E1EFED6E8001FFC58 /* Functions.swift */,
				C6C392721EE47BF8008F743A /* Operation.swift */,
				C6F7F0E71EF85069003E8071 /* Option.swift */,
				C6C60D101EF9600900359EEB /* PanGestureRecognizer.swift */,
				C61527F41EF67C91007A9DA0 /* RotationOperation.swift */,
				C6C392761EE47C74008F743A /* Transition.swift */,
				C6D255291EEFF87900A0BECF /* TransitionContext.swift */,
				C6AAE1C41EF06B730076A934 /* TransitionOperation.swift */,
				CABC74712015B52B0024F255 /* NonAnimatingAnimator.swift */,
			);
			path = Sources;
			sourceTree = "<group>";
		};
		C6C3925F1EE4552D008F743A /* RxContainerTests */ = {
			isa = PBXGroup;
			children = (
				C6C392621EE4552D008F743A /* Info.plist */,
				C6D02B0C1EE5A3E700B0C3FD /* ContainerViewControllerTests.swift */,
			);
			path = RxContainerTests;
			sourceTree = "<group>";
		};
/* End PBXGroup section */

/* Begin PBXHeadersBuildPhase section */
		C6C3924A1EE44A7D008F743A /* Headers */ = {
			isa = PBXHeadersBuildPhase;
			buildActionMask = 2147483647;
			files = (
				C6C392521EE44A7D008F743A /* RxContainer.h in Headers */,
			);
			runOnlyForDeploymentPostprocessing = 0;
		};
/* End PBXHeadersBuildPhase section */

/* Begin PBXNativeTarget section */
		C6C3924C1EE44A7D008F743A /* RxContainer */ = {
			isa = PBXNativeTarget;
			buildConfigurationList = C6C392551EE44A7D008F743A /* Build configuration list for PBXNativeTarget "RxContainer" */;
			buildPhases = (
				C6C392481EE44A7D008F743A /* Sources */,
				C6C392491EE44A7D008F743A /* Frameworks */,
				C6C3924A1EE44A7D008F743A /* Headers */,
				C6C3924B1EE44A7D008F743A /* Resources */,
				C6C392691EE45A43008F743A /* SwiftLint */,
			);
			buildRules = (
			);
			dependencies = (
			);
			name = RxContainer;
			productName = RxContainer;
			productReference = C6C3924D1EE44A7D008F743A /* RxContainer.framework */;
			productType = "com.apple.product-type.framework";
		};
		C6C3925D1EE4552D008F743A /* RxContainerTests */ = {
			isa = PBXNativeTarget;
			buildConfigurationList = C6C392661EE4552D008F743A /* Build configuration list for PBXNativeTarget "RxContainerTests" */;
			buildPhases = (
				C6C3925A1EE4552D008F743A /* Sources */,
				C6C3925B1EE4552D008F743A /* Frameworks */,
				C6C3925C1EE4552D008F743A /* Resources */,
			);
			buildRules = (
			);
			dependencies = (
				C6C392651EE4552D008F743A /* PBXTargetDependency */,
			);
			name = RxContainerTests;
			productName = RxContainerTests;
			productReference = C6C3925E1EE4552D008F743A /* RxContainerTests.xctest */;
			productType = "com.apple.product-type.bundle.unit-test";
		};
/* End PBXNativeTarget section */

/* Begin PBXProject section */
		C6C392441EE44A7D008F743A /* Project object */ = {
			isa = PBXProject;
			attributes = {
				LastSwiftUpdateCheck = 0830;
				LastUpgradeCheck = 0930;
				ORGANIZATIONNAME = DevAndArtist;
				TargetAttributes = {
					C6C3924C1EE44A7D008F743A = {
						CreatedOnToolsVersion = 8.3.2;
						LastSwiftMigration = "";
						ProvisioningStyle = Automatic;
					};
					C6C3925D1EE4552D008F743A = {
						CreatedOnToolsVersion = 8.3.2;
						LastSwiftMigration = "";
						ProvisioningStyle = Automatic;
					};
				};
			};
			buildConfigurationList = C6C392471EE44A7D008F743A /* Build configuration list for PBXProject "RxContainer" */;
			compatibilityVersion = "Xcode 3.2";
			developmentRegion = English;
			hasScannedForEncodings = 0;
			knownRegions = (
				en,
			);
			mainGroup = C6C392431EE44A7D008F743A;
			productRefGroup = C6C3924E1EE44A7D008F743A /* Products */;
			projectDirPath = "";
			projectRoot = "";
			targets = (
				C6C3924C1EE44A7D008F743A /* RxContainer */,
				C6C3925D1EE4552D008F743A /* RxContainerTests */,
			);
		};
/* End PBXProject section */

/* Begin PBXResourcesBuildPhase section */
		C6C3924B1EE44A7D008F743A /* Resources */ = {
			isa = PBXResourcesBuildPhase;
			buildActionMask = 2147483647;
			files = (
			);
			runOnlyForDeploymentPostprocessing = 0;
		};
		C6C3925C1EE4552D008F743A /* Resources */ = {
			isa = PBXResourcesBuildPhase;
			buildActionMask = 2147483647;
			files = (
			);
			runOnlyForDeploymentPostprocessing = 0;
		};
/* End PBXResourcesBuildPhase section */

/* Begin PBXShellScriptBuildPhase section */
		C6C392691EE45A43008F743A /* SwiftLint */ = {
			isa = PBXShellScriptBuildPhase;
			buildActionMask = 2147483647;
			files = (
			);
			inputPaths = (
			);
			name = SwiftLint;
			outputPaths = (
			);
			runOnlyForDeploymentPostprocessing = 0;
			shellPath = /bin/sh;
			shellScript = "if which swiftlint >/dev/null; then\n    swiftlint\nelse\n    echo \"warning: SwiftLint not installed, download from https://github.com/realm/SwiftLint\"\nfi";
		};
/* End PBXShellScriptBuildPhase section */

/* Begin PBXSourcesBuildPhase section */
		C6C392481EE44A7D008F743A /* Sources */ = {
			isa = PBXSourcesBuildPhase;
			buildActionMask = 2147483647;
			files = (
				C6ED839F1EEFFEDB009D5C6F /* DefaultAnimator.swift in Sources */,
				C6ED83A11EF017B7009D5C6F /* Extensions.swift in Sources */,
				C6D255281EEFDE2A00A0BECF /* Delegate.swift in Sources */,
				C63DDF0F1EFED6E8001FFC58 /* Functions.swift in Sources */,
				C6C392771EE47C74008F743A /* Transition.swift in Sources */,
				C6C60D111EF9600900359EEB /* PanGestureRecognizer.swift in Sources */,
				C6F7F0E81EF85069003E8071 /* Option.swift in Sources */,
				C6C392711EE47A8C008F743A /* Animator.swift in Sources */,
				C6C3926B1EE45E51008F743A /* ContainerViewController.swift in Sources */,
				C6AAE1C51EF06B730076A934 /* TransitionOperation.swift in Sources */,
				C61527F61EF67DB2007A9DA0 /* RotationOperation.swift in Sources */,
				C6C392731EE47BF8008F743A /* Operation.swift in Sources */,
				C6C392751EE47C6A008F743A /* Event.swift in Sources */,
				C6D2552A1EEFF87900A0BECF /* TransitionContext.swift in Sources */,
				CABC74722015B52B0024F255 /* NonAnimatingAnimator.swift in Sources */,
			);
			runOnlyForDeploymentPostprocessing = 0;
		};
		C6C3925A1EE4552D008F743A /* Sources */ = {
			isa = PBXSourcesBuildPhase;
			buildActionMask = 2147483647;
			files = (
				C6D02B0D1EE5A3E700B0C3FD /* ContainerViewControllerTests.swift in Sources */,
			);
			runOnlyForDeploymentPostprocessing = 0;
		};
/* End PBXSourcesBuildPhase section */

/* Begin PBXTargetDependency section */
		C6C392651EE4552D008F743A /* PBXTargetDependency */ = {
			isa = PBXTargetDependency;
			target = C6C3924C1EE44A7D008F743A /* RxContainer */;
			targetProxy = C6C392641EE4552D008F743A /* PBXContainerItemProxy */;
		};
/* End PBXTargetDependency section */

/* Begin XCBuildConfiguration section */
		C6C392531EE44A7D008F743A /* Debug */ = {
			isa = XCBuildConfiguration;
			buildSettings = {
				ALWAYS_SEARCH_USER_PATHS = NO;
				CLANG_ANALYZER_NONNULL = YES;
				CLANG_ANALYZER_NUMBER_OBJECT_CONVERSION = YES_AGGRESSIVE;
				CLANG_CXX_LANGUAGE_STANDARD = "gnu++0x";
				CLANG_CXX_LIBRARY = "libc++";
				CLANG_ENABLE_MODULES = YES;
				CLANG_ENABLE_OBJC_ARC = YES;
				CLANG_WARN_BLOCK_CAPTURE_AUTORELEASING = YES;
				CLANG_WARN_BOOL_CONVERSION = YES;
				CLANG_WARN_COMMA = YES;
				CLANG_WARN_CONSTANT_CONVERSION = YES;
				CLANG_WARN_DEPRECATED_OBJC_IMPLEMENTATIONS = YES;
				CLANG_WARN_DIRECT_OBJC_ISA_USAGE = YES_ERROR;
				CLANG_WARN_DOCUMENTATION_COMMENTS = YES;
				CLANG_WARN_EMPTY_BODY = YES;
				CLANG_WARN_ENUM_CONVERSION = YES;
				CLANG_WARN_INFINITE_RECURSION = YES;
				CLANG_WARN_INT_CONVERSION = YES;
				CLANG_WARN_NON_LITERAL_NULL_CONVERSION = YES;
				CLANG_WARN_OBJC_IMPLICIT_RETAIN_SELF = YES;
				CLANG_WARN_OBJC_LITERAL_CONVERSION = YES;
				CLANG_WARN_OBJC_ROOT_CLASS = YES_ERROR;
				CLANG_WARN_RANGE_LOOP_ANALYSIS = YES;
				CLANG_WARN_STRICT_PROTOTYPES = YES;
				CLANG_WARN_SUSPICIOUS_MOVE = YES;
				CLANG_WARN_UNREACHABLE_CODE = YES;
				CLANG_WARN__DUPLICATE_METHOD_MATCH = YES;
				"CODE_SIGN_IDENTITY[sdk=iphoneos*]" = "iPhone Developer";
				COPY_PHASE_STRIP = NO;
				CURRENT_PROJECT_VERSION = 1;
				DEBUG_INFORMATION_FORMAT = dwarf;
				ENABLE_STRICT_OBJC_MSGSEND = YES;
				ENABLE_TESTABILITY = YES;
				GCC_C_LANGUAGE_STANDARD = gnu99;
				GCC_DYNAMIC_NO_PIC = NO;
				GCC_NO_COMMON_BLOCKS = YES;
				GCC_OPTIMIZATION_LEVEL = 0;
				GCC_PREPROCESSOR_DEFINITIONS = (
					"DEBUG=1",
					"$(inherited)",
				);
				GCC_WARN_64_TO_32_BIT_CONVERSION = YES;
				GCC_WARN_ABOUT_RETURN_TYPE = YES_ERROR;
				GCC_WARN_UNDECLARED_SELECTOR = YES;
				GCC_WARN_UNINITIALIZED_AUTOS = YES_AGGRESSIVE;
				GCC_WARN_UNUSED_FUNCTION = YES;
				GCC_WARN_UNUSED_VARIABLE = YES;
				IPHONEOS_DEPLOYMENT_TARGET = 10.3;
				MTL_ENABLE_DEBUG_INFO = YES;
				ONLY_ACTIVE_ARCH = YES;
				SDKROOT = iphoneos;
				SWIFT_ACTIVE_COMPILATION_CONDITIONS = DEBUG;
				SWIFT_OPTIMIZATION_LEVEL = "-Onone";
				TARGETED_DEVICE_FAMILY = "1,2";
				VERSIONING_SYSTEM = "apple-generic";
				VERSION_INFO_PREFIX = "";
			};
			name = Debug;
		};
		C6C392541EE44A7D008F743A /* Release */ = {
			isa = XCBuildConfiguration;
			buildSettings = {
				ALWAYS_SEARCH_USER_PATHS = NO;
				CLANG_ANALYZER_NONNULL = YES;
				CLANG_ANALYZER_NUMBER_OBJECT_CONVERSION = YES_AGGRESSIVE;
				CLANG_CXX_LANGUAGE_STANDARD = "gnu++0x";
				CLANG_CXX_LIBRARY = "libc++";
				CLANG_ENABLE_MODULES = YES;
				CLANG_ENABLE_OBJC_ARC = YES;
				CLANG_WARN_BLOCK_CAPTURE_AUTORELEASING = YES;
				CLANG_WARN_BOOL_CONVERSION = YES;
				CLANG_WARN_COMMA = YES;
				CLANG_WARN_CONSTANT_CONVERSION = YES;
				CLANG_WARN_DEPRECATED_OBJC_IMPLEMENTATIONS = YES;
				CLANG_WARN_DIRECT_OBJC_ISA_USAGE = YES_ERROR;
				CLANG_WARN_DOCUMENTATION_COMMENTS = YES;
				CLANG_WARN_EMPTY_BODY = YES;
				CLANG_WARN_ENUM_CONVERSION = YES;
				CLANG_WARN_INFINITE_RECURSION = YES;
				CLANG_WARN_INT_CONVERSION = YES;
				CLANG_WARN_NON_LITERAL_NULL_CONVERSION = YES;
				CLANG_WARN_OBJC_IMPLICIT_RETAIN_SELF = YES;
				CLANG_WARN_OBJC_LITERAL_CONVERSION = YES;
				CLANG_WARN_OBJC_ROOT_CLASS = YES_ERROR;
				CLANG_WARN_RANGE_LOOP_ANALYSIS = YES;
				CLANG_WARN_STRICT_PROTOTYPES = YES;
				CLANG_WARN_SUSPICIOUS_MOVE = YES;
				CLANG_WARN_UNREACHABLE_CODE = YES;
				CLANG_WARN__DUPLICATE_METHOD_MATCH = YES;
				"CODE_SIGN_IDENTITY[sdk=iphoneos*]" = "iPhone Developer";
				COPY_PHASE_STRIP = NO;
				CURRENT_PROJECT_VERSION = 1;
				DEBUG_INFORMATION_FORMAT = "dwarf-with-dsym";
				ENABLE_NS_ASSERTIONS = NO;
				ENABLE_STRICT_OBJC_MSGSEND = YES;
				GCC_C_LANGUAGE_STANDARD = gnu99;
				GCC_NO_COMMON_BLOCKS = YES;
				GCC_WARN_64_TO_32_BIT_CONVERSION = YES;
				GCC_WARN_ABOUT_RETURN_TYPE = YES_ERROR;
				GCC_WARN_UNDECLARED_SELECTOR = YES;
				GCC_WARN_UNINITIALIZED_AUTOS = YES_AGGRESSIVE;
				GCC_WARN_UNUSED_FUNCTION = YES;
				GCC_WARN_UNUSED_VARIABLE = YES;
				IPHONEOS_DEPLOYMENT_TARGET = 10.3;
				MTL_ENABLE_DEBUG_INFO = NO;
				SDKROOT = iphoneos;
				SWIFT_OPTIMIZATION_LEVEL = "-Owholemodule";
				TARGETED_DEVICE_FAMILY = "1,2";
				VALIDATE_PRODUCT = YES;
				VERSIONING_SYSTEM = "apple-generic";
				VERSION_INFO_PREFIX = "";
			};
			name = Release;
		};
		C6C392561EE44A7D008F743A /* Debug */ = {
			isa = XCBuildConfiguration;
			buildSettings = {
				CLANG_ENABLE_MODULES = YES;
				CODE_SIGN_IDENTITY = "";
				DEFINES_MODULE = YES;
				DYLIB_COMPATIBILITY_VERSION = 1;
				DYLIB_CURRENT_VERSION = 1;
				DYLIB_INSTALL_NAME_BASE = "@rpath";
				FRAMEWORK_SEARCH_PATHS = (
					"$(inherited)",
					"$(PROJECT_DIR)/Carthage/Build/iOS",
				);
				INFOPLIST_FILE = "$(SRCROOT)/Resources/Info.plist";
				INSTALL_PATH = "$(LOCAL_LIBRARY_DIR)/Frameworks";
				IPHONEOS_DEPLOYMENT_TARGET = 10.0;
				LD_RUNPATH_SEARCH_PATHS = "$(inherited) @executable_path/Frameworks @loader_path/Frameworks";
				PRODUCT_BUNDLE_IDENTIFIER = com.devandartist.RxContainer;
				PRODUCT_NAME = "$(TARGET_NAME)";
				SKIP_INSTALL = YES;
				SWIFT_OPTIMIZATION_LEVEL = "-Onone";
				SWIFT_SWIFT3_OBJC_INFERENCE = Default;
				SWIFT_VERSION = 4.0;
			};
			name = Debug;
		};
		C6C392571EE44A7D008F743A /* Release */ = {
			isa = XCBuildConfiguration;
			buildSettings = {
				CLANG_ENABLE_MODULES = YES;
				CODE_SIGN_IDENTITY = "";
				DEFINES_MODULE = YES;
				DYLIB_COMPATIBILITY_VERSION = 1;
				DYLIB_CURRENT_VERSION = 1;
				DYLIB_INSTALL_NAME_BASE = "@rpath";
				FRAMEWORK_SEARCH_PATHS = (
					"$(inherited)",
					"$(PROJECT_DIR)/Carthage/Build/iOS",
				);
				INFOPLIST_FILE = "$(SRCROOT)/Resources/Info.plist";
				INSTALL_PATH = "$(LOCAL_LIBRARY_DIR)/Frameworks";
				IPHONEOS_DEPLOYMENT_TARGET = 10.0;
				LD_RUNPATH_SEARCH_PATHS = "$(inherited) @executable_path/Frameworks @loader_path/Frameworks";
				PRODUCT_BUNDLE_IDENTIFIER = com.devandartist.RxContainer;
				PRODUCT_NAME = "$(TARGET_NAME)";
				SKIP_INSTALL = YES;
				SWIFT_SWIFT3_OBJC_INFERENCE = Default;
				SWIFT_VERSION = 4.0;
			};
			name = Release;
		};
		C6C392671EE4552D008F743A /* Debug */ = {
			isa = XCBuildConfiguration;
			buildSettings = {
				INFOPLIST_FILE = RxContainerTests/Info.plist;
				LD_RUNPATH_SEARCH_PATHS = "$(inherited) @executable_path/Frameworks @loader_path/Frameworks";
				PRODUCT_BUNDLE_IDENTIFIER = com.devandartist.RxContainerTests;
				PRODUCT_NAME = "$(TARGET_NAME)";
				SWIFT_SWIFT3_OBJC_INFERENCE = Default;
				SWIFT_VERSION = 4.0;
			};
			name = Debug;
		};
		C6C392681EE4552D008F743A /* Release */ = {
			isa = XCBuildConfiguration;
			buildSettings = {
				INFOPLIST_FILE = RxContainerTests/Info.plist;
				LD_RUNPATH_SEARCH_PATHS = "$(inherited) @executable_path/Frameworks @loader_path/Frameworks";
				PRODUCT_BUNDLE_IDENTIFIER = com.devandartist.RxContainerTests;
				PRODUCT_NAME = "$(TARGET_NAME)";
				SWIFT_SWIFT3_OBJC_INFERENCE = Default;
				SWIFT_VERSION = 4.0;
			};
			name = Release;
		};
/* End XCBuildConfiguration section */

/* Begin XCConfigurationList section */
		C6C392471EE44A7D008F743A /* Build configuration list for PBXProject "RxContainer" */ = {
			isa = XCConfigurationList;
			buildConfigurations = (
				C6C392531EE44A7D008F743A /* Debug */,
				C6C392541EE44A7D008F743A /* Release */,
			);
			defaultConfigurationIsVisible = 0;
			defaultConfigurationName = Release;
		};
		C6C392551EE44A7D008F743A /* Build configuration list for PBXNativeTarget "RxContainer" */ = {
			isa = XCConfigurationList;
			buildConfigurations = (
				C6C392561EE44A7D008F743A /* Debug */,
				C6C392571EE44A7D008F743A /* Release */,
			);
			defaultConfigurationIsVisible = 0;
			defaultConfigurationName = Release;
		};
		C6C392661EE4552D008F743A /* Build configuration list for PBXNativeTarget "RxContainerTests" */ = {
			isa = XCConfigurationList;
			buildConfigurations = (
				C6C392671EE4552D008F743A /* Debug */,
				C6C392681EE4552D008F743A /* Release */,
			);
			defaultConfigurationIsVisible = 0;
			defaultConfigurationName = Release;
		};
/* End XCConfigurationList section */
	};
	rootObject = C6C392441EE44A7D008F743A /* Project object */;
}
